
Microsoft Visual Studio Solution File, Format Version 12.00
# Visual Studio Version 17
VisualStudioVersion = 17.7.34221.43
MinimumVisualStudioVersion = 10.0.40219.1
Project("{FAE04EC0-301F-11D3-BF4B-00C04F79EFBC}") = "Expense Tracker", "Expense Tracker.csproj", "{631A8E02-9136-41B8-A82C-7912CCAC280A}"
EndProject
Global
	GlobalSection(SolutionConfigurationPlatforms) = preSolution
		Debug|Any CPU = Debug|Any CPU
		Release|Any CPU = Release|Any CPU
	EndGlobalSection
	GlobalSection(ProjectConfigurationPlatforms) = postSolution
		{631A8E02-9136-41B8-A82C-7912CCAC280A}.Debug|Any CPU.ActiveCfg = Debug|Any CPU
		{631A8E02-9136-41B8-A82C-7912CCAC280A}.Debug|Any CPU.Build.0 = Debug|Any CPU
		{631A8E02-9136-41B8-A82C-7912CCAC280A}.Release|Any CPU.ActiveCfg = Release|Any CPU
		{631A8E02-9136-41B8-A82C-7912CCAC280A}.Release|Any CPU.Build.0 = Release|Any CPU
	EndGlobalSection
	GlobalSection(SolutionProperties) = preSolution
		HideSolutionNode = FALSE
	EndGlobalSection
	GlobalSection(ExtensibilityGlobals) = postSolution
		SolutionGuid = {BD0DDE25-9258-4FDB-A8DF-5495159FB927}
	EndGlobalSection
EndGlobal
